// !$*UTF8*$!
{
	archiveVersion = 1;
	classes = {
	};
	objectVersion = 48;
	objects = {

/* Begin PBXBuildFile section */
		183A8907206C85BF007ED767 /* YXButton.m in Sources */ = {isa = PBXBuildFile; fileRef = 183A8905206C85BE007ED767 /* YXButton.m */; };
		183A890A206C8CE0007ED767 /* AboutMeViewController.m in Sources */ = {isa = PBXBuildFile; fileRef = 183A8909206C8CE0007ED767 /* AboutMeViewController.m */; };
		183A890D206C9088007ED767 /* AboutManageViewController.m in Sources */ = {isa = PBXBuildFile; fileRef = 183A890C206C9088007ED767 /* AboutManageViewController.m */; };
		183A8910206C9119007ED767 /* SafeViewController.m in Sources */ = {isa = PBXBuildFile; fileRef = 183A890F206C9119007ED767 /* SafeViewController.m */; };
		183A8913206CB466007ED767 /* SafeguardViewController.m in Sources */ = {isa = PBXBuildFile; fileRef = 183A8912206CB466007ED767 /* SafeguardViewController.m */; };
		183A8916206CB6D9007ED767 /* NewsViewController.m in Sources */ = {isa = PBXBuildFile; fileRef = 183A8915206CB6D9007ED767 /* NewsViewController.m */; };
		183A8919206CCB2E007ED767 /* NewsDetailViewController.m in Sources */ = {isa = PBXBuildFile; fileRef = 183A8918206CCB2E007ED767 /* NewsDetailViewController.m */; };
		185DDA7D206DC8CD009F07DD /* ImmediateInvestViewController.m in Sources */ = {isa = PBXBuildFile; fileRef = 185DDA7C206DC8CD009F07DD /* ImmediateInvestViewController.m */; };
		1862CF85205F649A002EE70C /* GTMBase64.m in Sources */ = {isa = PBXBuildFile; fileRef = 1862CF83205F649A002EE70C /* GTMBase64.m */; settings = {COMPILER_FLAGS = "-fno-objc-arc"; }; };
		9DF56D30F94ACAC61B20572F /* libPods-Yulindai.a in Frameworks */ = {isa = PBXBuildFile; fileRef = 54F6A8735AD424CF016152E8 /* libPods-Yulindai.a */; };
		F50665D2205F65D800B3B3BB /* ForgetPwdViewController.m in Sources */ = {isa = PBXBuildFile; fileRef = F50665CF205F65D800B3B3BB /* ForgetPwdViewController.m */; };
		F50665D3205F65D800B3B3BB /* ReviewPwdViewController.m in Sources */ = {isa = PBXBuildFile; fileRef = F50665D1205F65D800B3B3BB /* ReviewPwdViewController.m */; };
		F50665DA205F880F00B3B3BB /* RegisterSuccessViewController.m in Sources */ = {isa = PBXBuildFile; fileRef = F50665D9205F880F00B3B3BB /* RegisterSuccessViewController.m */; };
		F50665DE205F8D9600B3B3BB /* MyBaseViewController.m in Sources */ = {isa = PBXBuildFile; fileRef = F50665DD205F8D9600B3B3BB /* MyBaseViewController.m */; };
		F50665E4205F94B200B3B3BB /* ReviewPwdSuccessVC.m in Sources */ = {isa = PBXBuildFile; fileRef = F50665E3205F94B200B3B3BB /* ReviewPwdSuccessVC.m */; };
		F50665E8205F9E5100B3B3BB /* UIColor+ColorChange.m in Sources */ = {isa = PBXBuildFile; fileRef = F50665E7205F9E5100B3B3BB /* UIColor+ColorChange.m */; };
		F519CE9A2069DFCA004E4250 /* NSString+Size.m in Sources */ = {isa = PBXBuildFile; fileRef = F519CE962069DFC9004E4250 /* NSString+Size.m */; };
		F519CE9B2069DFCA004E4250 /* UIButton+Edge.m in Sources */ = {isa = PBXBuildFile; fileRef = F519CE972069DFC9004E4250 /* UIButton+Edge.m */; };
		F519CE9C2069DFCA004E4250 /* UIView+Size.m in Sources */ = {isa = PBXBuildFile; fileRef = F519CE982069DFC9004E4250 /* UIView+Size.m */; };
		F519CEA42069E08F004E4250 /* CDNavigationVC.m in Sources */ = {isa = PBXBuildFile; fileRef = F519CE9E2069E08F004E4250 /* CDNavigationVC.m */; };
		F519CEA52069E08F004E4250 /* CDTabBar.m in Sources */ = {isa = PBXBuildFile; fileRef = F519CE9F2069E08F004E4250 /* CDTabBar.m */; };
		F519CEA62069E08F004E4250 /* CDTabbarVC.m in Sources */ = {isa = PBXBuildFile; fileRef = F519CEA02069E08F004E4250 /* CDTabbarVC.m */; };
		F519CEB12069E33A004E4250 /* LoginVC.m in Sources */ = {isa = PBXBuildFile; fileRef = F519CEB02069E33A004E4250 /* LoginVC.m */; };
		F519CEB52069E51B004E4250 /* HomeVC.m in Sources */ = {isa = PBXBuildFile; fileRef = F519CEB32069E51B004E4250 /* HomeVC.m */; };
		F519CEB92069E541004E4250 /* MyVC.m in Sources */ = {isa = PBXBuildFile; fileRef = F519CEB72069E541004E4250 /* MyVC.m */; };
		F519CEBC2069E5D3004E4250 /* ZhuCeViewController.m in Sources */ = {isa = PBXBuildFile; fileRef = F519CEBB2069E5D3004E4250 /* ZhuCeViewController.m */; };
		F54AB486206353E80019391D /* Base64Verb.m in Sources */ = {isa = PBXBuildFile; fileRef = F54AB485206353E80019391D /* Base64Verb.m */; };
		F54AB489206381370019391D /* NetTools.m in Sources */ = {isa = PBXBuildFile; fileRef = F54AB488206381370019391D /* NetTools.m */; };
		F565ECDB205F3EE400F6ED18 /* AppDelegate.m in Sources */ = {isa = PBXBuildFile; fileRef = F565ECDA205F3EE400F6ED18 /* AppDelegate.m */; };
		F565ECDE205F3EE400F6ED18 /* ViewController.m in Sources */ = {isa = PBXBuildFile; fileRef = F565ECDD205F3EE400F6ED18 /* ViewController.m */; };
		F565ECE1205F3EE400F6ED18 /* Main.storyboard in Resources */ = {isa = PBXBuildFile; fileRef = F565ECDF205F3EE400F6ED18 /* Main.storyboard */; };
		F565ECE3205F3EE400F6ED18 /* Assets.xcassets in Resources */ = {isa = PBXBuildFile; fileRef = F565ECE2205F3EE400F6ED18 /* Assets.xcassets */; };
		F565ECE6205F3EE400F6ED18 /* LaunchScreen.storyboard in Resources */ = {isa = PBXBuildFile; fileRef = F565ECE4205F3EE400F6ED18 /* LaunchScreen.storyboard */; };
		F565ECE9205F3EE400F6ED18 /* main.m in Sources */ = {isa = PBXBuildFile; fileRef = F565ECE8205F3EE400F6ED18 /* main.m */; };
		F565ECF3205F3EE400F6ED18 /* YulindaiTests.m in Sources */ = {isa = PBXBuildFile; fileRef = F565ECF2205F3EE400F6ED18 /* YulindaiTests.m */; };
		F565ECFE205F3EE400F6ED18 /* YulindaiUITests.m in Sources */ = {isa = PBXBuildFile; fileRef = F565ECFD205F3EE400F6ED18 /* YulindaiUITests.m */; };
		F58A1F2A2071BAC8009D2EB5 /* ChooseCollectionCell.m in Sources */ = {isa = PBXBuildFile; fileRef = F58A1F292071BAC8009D2EB5 /* ChooseCollectionCell.m */; };
		F5F7F4F3206C6D0A00DB6F2A /* LoanVC.m in Sources */ = {isa = PBXBuildFile; fileRef = F5F7F4F2206C6D0A00DB6F2A /* LoanVC.m */; };
		F5F7F4F8206C7B0E00DB6F2A /* InvestVC.m in Sources */ = {isa = PBXBuildFile; fileRef = F5F7F4F6206C7B0E00DB6F2A /* InvestVC.m */; };
		F5F7F4FB206C7B5B00DB6F2A /* ListTabCell.m in Sources */ = {isa = PBXBuildFile; fileRef = F5F7F4FA206C7B5B00DB6F2A /* ListTabCell.m */; };
		F5F7F4FE206CC1A200DB6F2A /* EntrustVC.m in Sources */ = {isa = PBXBuildFile; fileRef = F5F7F4FD206CC1A100DB6F2A /* EntrustVC.m */; };
		F5F7F501206CCC4E00DB6F2A /* PersonalOpenVC.m in Sources */ = {isa = PBXBuildFile; fileRef = F5F7F500206CCC4E00DB6F2A /* PersonalOpenVC.m */; };
		F5FDC8AC206DC09500B8DC49 /* CustomAlertView.m in Sources */ = {isa = PBXBuildFile; fileRef = F5FDC8AB206DC09500B8DC49 /* CustomAlertView.m */; };
		F5FDC8AF206DDC8B00B8DC49 /* ChooseTabCell.m in Sources */ = {isa = PBXBuildFile; fileRef = F5FDC8AE206DDC8B00B8DC49 /* ChooseTabCell.m */; };
		F5FDC8B3206E0B9700B8DC49 /* CellHeightModel.m in Sources */ = {isa = PBXBuildFile; fileRef = F5FDC8B2206E0B9700B8DC49 /* CellHeightModel.m */; };
/* End PBXBuildFile section */

/* Begin PBXContainerItemProxy section */
		F565ECEF205F3EE400F6ED18 /* PBXContainerItemProxy */ = {
			isa = PBXContainerItemProxy;
			containerPortal = F565ECCE205F3EE400F6ED18 /* Project object */;
			proxyType = 1;
			remoteGlobalIDString = F565ECD5205F3EE400F6ED18;
			remoteInfo = Yulindai;
		};
		F565ECFA205F3EE400F6ED18 /* PBXContainerItemProxy */ = {
			isa = PBXContainerItemProxy;
			containerPortal = F565ECCE205F3EE400F6ED18 /* Project object */;
			proxyType = 1;
			remoteGlobalIDString = F565ECD5205F3EE400F6ED18;
			remoteInfo = Yulindai;
		};
/* End PBXContainerItemProxy section */

/* Begin PBXFileReference section */
		075FD1EBA0723293B20854D4 /* Pods-Yulindai.release.xcconfig */ = {isa = PBXFileReference; includeInIndex = 1; lastKnownFileType = text.xcconfig; name = "Pods-Yulindai.release.xcconfig"; path = "Pods/Target Support Files/Pods-Yulindai/Pods-Yulindai.release.xcconfig"; sourceTree = "<group>"; };
		183A8905206C85BE007ED767 /* YXButton.m */ = {isa = PBXFileReference; fileEncoding = 4; lastKnownFileType = sourcecode.c.objc; path = YXButton.m; sourceTree = "<group>"; };
		183A8906206C85BE007ED767 /* YXButton.h */ = {isa = PBXFileReference; fileEncoding = 4; lastKnownFileType = sourcecode.c.h; path = YXButton.h; sourceTree = "<group>"; };
		183A8908206C8CE0007ED767 /* AboutMeViewController.h */ = {isa = PBXFileReference; lastKnownFileType = sourcecode.c.h; path = AboutMeViewController.h; sourceTree = "<group>"; };
		183A8909206C8CE0007ED767 /* AboutMeViewController.m */ = {isa = PBXFileReference; lastKnownFileType = sourcecode.c.objc; path = AboutMeViewController.m; sourceTree = "<group>"; };
		183A890B206C9088007ED767 /* AboutManageViewController.h */ = {isa = PBXFileReference; lastKnownFileType = sourcecode.c.h; path = AboutManageViewController.h; sourceTree = "<group>"; };
		183A890C206C9088007ED767 /* AboutManageViewController.m */ = {isa = PBXFileReference; lastKnownFileType = sourcecode.c.objc; path = AboutManageViewController.m; sourceTree = "<group>"; };
		183A890E206C9119007ED767 /* SafeViewController.h */ = {isa = PBXFileReference; lastKnownFileType = sourcecode.c.h; path = SafeViewController.h; sourceTree = "<group>"; };
		183A890F206C9119007ED767 /* SafeViewController.m */ = {isa = PBXFileReference; lastKnownFileType = sourcecode.c.objc; path = SafeViewController.m; sourceTree = "<group>"; };
		183A8911206CB466007ED767 /* SafeguardViewController.h */ = {isa = PBXFileReference; lastKnownFileType = sourcecode.c.h; path = SafeguardViewController.h; sourceTree = "<group>"; };
		183A8912206CB466007ED767 /* SafeguardViewController.m */ = {isa = PBXFileReference; lastKnownFileType = sourcecode.c.objc; path = SafeguardViewController.m; sourceTree = "<group>"; };
		183A8914206CB6D9007ED767 /* NewsViewController.h */ = {isa = PBXFileReference; lastKnownFileType = sourcecode.c.h; path = NewsViewController.h; sourceTree = "<group>"; };
		183A8915206CB6D9007ED767 /* NewsViewController.m */ = {isa = PBXFileReference; lastKnownFileType = sourcecode.c.objc; path = NewsViewController.m; sourceTree = "<group>"; };
		183A8917206CCB2E007ED767 /* NewsDetailViewController.h */ = {isa = PBXFileReference; lastKnownFileType = sourcecode.c.h; path = NewsDetailViewController.h; sourceTree = "<group>"; };
		183A8918206CCB2E007ED767 /* NewsDetailViewController.m */ = {isa = PBXFileReference; lastKnownFileType = sourcecode.c.objc; path = NewsDetailViewController.m; sourceTree = "<group>"; };
		185DDA7B206DC8CD009F07DD /* ImmediateInvestViewController.h */ = {isa = PBXFileReference; lastKnownFileType = sourcecode.c.h; path = ImmediateInvestViewController.h; sourceTree = "<group>"; };
		185DDA7C206DC8CD009F07DD /* ImmediateInvestViewController.m */ = {isa = PBXFileReference; lastKnownFileType = sourcecode.c.objc; path = ImmediateInvestViewController.m; sourceTree = "<group>"; };
		1862CF82205F649A002EE70C /* GTMBase64.h */ = {isa = PBXFileReference; fileEncoding = 4; lastKnownFileType = sourcecode.c.h; path = GTMBase64.h; sourceTree = "<group>"; };
		1862CF83205F649A002EE70C /* GTMBase64.m */ = {isa = PBXFileReference; fileEncoding = 4; lastKnownFileType = sourcecode.c.objc; path = GTMBase64.m; sourceTree = "<group>"; };
		1862CF84205F649A002EE70C /* GTMDefines.h */ = {isa = PBXFileReference; fileEncoding = 4; lastKnownFileType = sourcecode.c.h; path = GTMDefines.h; sourceTree = "<group>"; };
		54F6A8735AD424CF016152E8 /* libPods-Yulindai.a */ = {isa = PBXFileReference; explicitFileType = archive.ar; includeInIndex = 0; path = "libPods-Yulindai.a"; sourceTree = BUILT_PRODUCTS_DIR; };
		C8C76067AEE0656EA6B8E214 /* Pods-Yulindai.debug.xcconfig */ = {isa = PBXFileReference; includeInIndex = 1; lastKnownFileType = text.xcconfig; name = "Pods-Yulindai.debug.xcconfig"; path = "Pods/Target Support Files/Pods-Yulindai/Pods-Yulindai.debug.xcconfig"; sourceTree = "<group>"; };
		F50665CE205F65D800B3B3BB /* ReviewPwdViewController.h */ = {isa = PBXFileReference; fileEncoding = 4; lastKnownFileType = sourcecode.c.h; path = ReviewPwdViewController.h; sourceTree = "<group>"; };
		F50665CF205F65D800B3B3BB /* ForgetPwdViewController.m */ = {isa = PBXFileReference; fileEncoding = 4; lastKnownFileType = sourcecode.c.objc; path = ForgetPwdViewController.m; sourceTree = "<group>"; };
		F50665D0205F65D800B3B3BB /* ForgetPwdViewController.h */ = {isa = PBXFileReference; fileEncoding = 4; lastKnownFileType = sourcecode.c.h; path = ForgetPwdViewController.h; sourceTree = "<group>"; };
		F50665D1205F65D800B3B3BB /* ReviewPwdViewController.m */ = {isa = PBXFileReference; fileEncoding = 4; lastKnownFileType = sourcecode.c.objc; path = ReviewPwdViewController.m; sourceTree = "<group>"; };
		F50665D8205F880F00B3B3BB /* RegisterSuccessViewController.h */ = {isa = PBXFileReference; lastKnownFileType = sourcecode.c.h; path = RegisterSuccessViewController.h; sourceTree = "<group>"; };
		F50665D9205F880F00B3B3BB /* RegisterSuccessViewController.m */ = {isa = PBXFileReference; lastKnownFileType = sourcecode.c.objc; path = RegisterSuccessViewController.m; sourceTree = "<group>"; };
		F50665DC205F8D9600B3B3BB /* MyBaseViewController.h */ = {isa = PBXFileReference; lastKnownFileType = sourcecode.c.h; path = MyBaseViewController.h; sourceTree = "<group>"; };
		F50665DD205F8D9600B3B3BB /* MyBaseViewController.m */ = {isa = PBXFileReference; lastKnownFileType = sourcecode.c.objc; path = MyBaseViewController.m; sourceTree = "<group>"; };
		F50665E2205F94B200B3B3BB /* ReviewPwdSuccessVC.h */ = {isa = PBXFileReference; lastKnownFileType = sourcecode.c.h; path = ReviewPwdSuccessVC.h; sourceTree = "<group>"; };
		F50665E3205F94B200B3B3BB /* ReviewPwdSuccessVC.m */ = {isa = PBXFileReference; lastKnownFileType = sourcecode.c.objc; path = ReviewPwdSuccessVC.m; sourceTree = "<group>"; };
		F50665E6205F9E5100B3B3BB /* UIColor+ColorChange.h */ = {isa = PBXFileReference; fileEncoding = 4; lastKnownFileType = sourcecode.c.h; path = "UIColor+ColorChange.h"; sourceTree = "<group>"; };
		F50665E7205F9E5100B3B3BB /* UIColor+ColorChange.m */ = {isa = PBXFileReference; fileEncoding = 4; lastKnownFileType = sourcecode.c.objc; path = "UIColor+ColorChange.m"; sourceTree = "<group>"; };
		F519CE942069DFC9004E4250 /* NSString+Size.h */ = {isa = PBXFileReference; fileEncoding = 4; lastKnownFileType = sourcecode.c.h; path = "NSString+Size.h"; sourceTree = "<group>"; };
		F519CE952069DFC9004E4250 /* UIView+Size.h */ = {isa = PBXFileReference; fileEncoding = 4; lastKnownFileType = sourcecode.c.h; path = "UIView+Size.h"; sourceTree = "<group>"; };
		F519CE962069DFC9004E4250 /* NSString+Size.m */ = {isa = PBXFileReference; fileEncoding = 4; lastKnownFileType = sourcecode.c.objc; path = "NSString+Size.m"; sourceTree = "<group>"; };
		F519CE972069DFC9004E4250 /* UIButton+Edge.m */ = {isa = PBXFileReference; fileEncoding = 4; lastKnownFileType = sourcecode.c.objc; path = "UIButton+Edge.m"; sourceTree = "<group>"; };
		F519CE982069DFC9004E4250 /* UIView+Size.m */ = {isa = PBXFileReference; fileEncoding = 4; lastKnownFileType = sourcecode.c.objc; path = "UIView+Size.m"; sourceTree = "<group>"; };
		F519CE992069DFCA004E4250 /* UIButton+Edge.h */ = {isa = PBXFileReference; fileEncoding = 4; lastKnownFileType = sourcecode.c.h; path = "UIButton+Edge.h"; sourceTree = "<group>"; };
		F519CE9E2069E08F004E4250 /* CDNavigationVC.m */ = {isa = PBXFileReference; fileEncoding = 4; lastKnownFileType = sourcecode.c.objc; path = CDNavigationVC.m; sourceTree = "<group>"; };
		F519CE9F2069E08F004E4250 /* CDTabBar.m */ = {isa = PBXFileReference; fileEncoding = 4; lastKnownFileType = sourcecode.c.objc; path = CDTabBar.m; sourceTree = "<group>"; };
		F519CEA02069E08F004E4250 /* CDTabbarVC.m */ = {isa = PBXFileReference; fileEncoding = 4; lastKnownFileType = sourcecode.c.objc; path = CDTabbarVC.m; sourceTree = "<group>"; };
		F519CEA12069E08F004E4250 /* CDNavigationVC.h */ = {isa = PBXFileReference; fileEncoding = 4; lastKnownFileType = sourcecode.c.h; path = CDNavigationVC.h; sourceTree = "<group>"; };
		F519CEA22069E08F004E4250 /* CDTabBar.h */ = {isa = PBXFileReference; fileEncoding = 4; lastKnownFileType = sourcecode.c.h; path = CDTabBar.h; sourceTree = "<group>"; };
		F519CEA32069E08F004E4250 /* CDTabbarVC.h */ = {isa = PBXFileReference; fileEncoding = 4; lastKnownFileType = sourcecode.c.h; path = CDTabbarVC.h; sourceTree = "<group>"; };
		F519CEAF2069E33A004E4250 /* LoginVC.h */ = {isa = PBXFileReference; lastKnownFileType = sourcecode.c.h; path = LoginVC.h; sourceTree = "<group>"; };
		F519CEB02069E33A004E4250 /* LoginVC.m */ = {isa = PBXFileReference; lastKnownFileType = sourcecode.c.objc; path = LoginVC.m; sourceTree = "<group>"; };
		F519CEB32069E51B004E4250 /* HomeVC.m */ = {isa = PBXFileReference; fileEncoding = 4; lastKnownFileType = sourcecode.c.objc; path = HomeVC.m; sourceTree = "<group>"; };
		F519CEB42069E51B004E4250 /* HomeVC.h */ = {isa = PBXFileReference; fileEncoding = 4; lastKnownFileType = sourcecode.c.h; path = HomeVC.h; sourceTree = "<group>"; };
		F519CEB72069E541004E4250 /* MyVC.m */ = {isa = PBXFileReference; fileEncoding = 4; lastKnownFileType = sourcecode.c.objc; path = MyVC.m; sourceTree = "<group>"; };
		F519CEB82069E541004E4250 /* MyVC.h */ = {isa = PBXFileReference; fileEncoding = 4; lastKnownFileType = sourcecode.c.h; path = MyVC.h; sourceTree = "<group>"; };
		F519CEBA2069E5D3004E4250 /* ZhuCeViewController.h */ = {isa = PBXFileReference; fileEncoding = 4; lastKnownFileType = sourcecode.c.h; path = ZhuCeViewController.h; sourceTree = "<group>"; };
		F519CEBB2069E5D3004E4250 /* ZhuCeViewController.m */ = {isa = PBXFileReference; fileEncoding = 4; lastKnownFileType = sourcecode.c.objc; path = ZhuCeViewController.m; sourceTree = "<group>"; };
		F54AB484206353E80019391D /* Base64Verb.h */ = {isa = PBXFileReference; lastKnownFileType = sourcecode.c.h; path = Base64Verb.h; sourceTree = "<group>"; };
		F54AB485206353E80019391D /* Base64Verb.m */ = {isa = PBXFileReference; lastKnownFileType = sourcecode.c.objc; path = Base64Verb.m; sourceTree = "<group>"; };
		F54AB487206381370019391D /* NetTools.h */ = {isa = PBXFileReference; lastKnownFileType = sourcecode.c.h; path = NetTools.h; sourceTree = "<group>"; };
		F54AB488206381370019391D /* NetTools.m */ = {isa = PBXFileReference; lastKnownFileType = sourcecode.c.objc; path = NetTools.m; sourceTree = "<group>"; };
		F565ECD6205F3EE400F6ED18 /* Yulindai.app */ = {isa = PBXFileReference; explicitFileType = wrapper.application; includeInIndex = 0; path = Yulindai.app; sourceTree = BUILT_PRODUCTS_DIR; };
		F565ECD9205F3EE400F6ED18 /* AppDelegate.h */ = {isa = PBXFileReference; lastKnownFileType = sourcecode.c.h; path = AppDelegate.h; sourceTree = "<group>"; };
		F565ECDA205F3EE400F6ED18 /* AppDelegate.m */ = {isa = PBXFileReference; lastKnownFileType = sourcecode.c.objc; path = AppDelegate.m; sourceTree = "<group>"; };
		F565ECDC205F3EE400F6ED18 /* ViewController.h */ = {isa = PBXFileReference; lastKnownFileType = sourcecode.c.h; path = ViewController.h; sourceTree = "<group>"; };
		F565ECDD205F3EE400F6ED18 /* ViewController.m */ = {isa = PBXFileReference; lastKnownFileType = sourcecode.c.objc; path = ViewController.m; sourceTree = "<group>"; };
		F565ECE0205F3EE400F6ED18 /* Base */ = {isa = PBXFileReference; lastKnownFileType = file.storyboard; name = Base; path = Base.lproj/Main.storyboard; sourceTree = "<group>"; };
		F565ECE2205F3EE400F6ED18 /* Assets.xcassets */ = {isa = PBXFileReference; lastKnownFileType = folder.assetcatalog; path = Assets.xcassets; sourceTree = "<group>"; };
		F565ECE5205F3EE400F6ED18 /* Base */ = {isa = PBXFileReference; lastKnownFileType = file.storyboard; name = Base; path = Base.lproj/LaunchScreen.storyboard; sourceTree = "<group>"; };
		F565ECE7205F3EE400F6ED18 /* Info.plist */ = {isa = PBXFileReference; lastKnownFileType = text.plist.xml; path = Info.plist; sourceTree = "<group>"; };
		F565ECE8205F3EE400F6ED18 /* main.m */ = {isa = PBXFileReference; lastKnownFileType = sourcecode.c.objc; path = main.m; sourceTree = "<group>"; };
		F565ECEE205F3EE400F6ED18 /* YulindaiTests.xctest */ = {isa = PBXFileReference; explicitFileType = wrapper.cfbundle; includeInIndex = 0; path = YulindaiTests.xctest; sourceTree = BUILT_PRODUCTS_DIR; };
		F565ECF2205F3EE400F6ED18 /* YulindaiTests.m */ = {isa = PBXFileReference; lastKnownFileType = sourcecode.c.objc; path = YulindaiTests.m; sourceTree = "<group>"; };
		F565ECF4205F3EE400F6ED18 /* Info.plist */ = {isa = PBXFileReference; lastKnownFileType = text.plist.xml; path = Info.plist; sourceTree = "<group>"; };
		F565ECF9205F3EE400F6ED18 /* YulindaiUITests.xctest */ = {isa = PBXFileReference; explicitFileType = wrapper.cfbundle; includeInIndex = 0; path = YulindaiUITests.xctest; sourceTree = BUILT_PRODUCTS_DIR; };
		F565ECFD205F3EE400F6ED18 /* YulindaiUITests.m */ = {isa = PBXFileReference; lastKnownFileType = sourcecode.c.objc; path = YulindaiUITests.m; sourceTree = "<group>"; };
		F565ECFF205F3EE400F6ED18 /* Info.plist */ = {isa = PBXFileReference; lastKnownFileType = text.plist.xml; path = Info.plist; sourceTree = "<group>"; };
		F565ED12205F4EBD00F6ED18 /* PrefixHeader.pch */ = {isa = PBXFileReference; lastKnownFileType = sourcecode.c.h; path = PrefixHeader.pch; sourceTree = "<group>"; };
		F58A1F282071BAC8009D2EB5 /* ChooseCollectionCell.h */ = {isa = PBXFileReference; lastKnownFileType = sourcecode.c.h; path = ChooseCollectionCell.h; sourceTree = "<group>"; };
		F58A1F292071BAC8009D2EB5 /* ChooseCollectionCell.m */ = {isa = PBXFileReference; lastKnownFileType = sourcecode.c.objc; path = ChooseCollectionCell.m; sourceTree = "<group>"; };
		F5F7F4F1206C6D0A00DB6F2A /* LoanVC.h */ = {isa = PBXFileReference; lastKnownFileType = sourcecode.c.h; path = LoanVC.h; sourceTree = "<group>"; };
		F5F7F4F2206C6D0A00DB6F2A /* LoanVC.m */ = {isa = PBXFileReference; lastKnownFileType = sourcecode.c.objc; path = LoanVC.m; sourceTree = "<group>"; };
		F5F7F4F6206C7B0E00DB6F2A /* InvestVC.m */ = {isa = PBXFileReference; fileEncoding = 4; lastKnownFileType = sourcecode.c.objc; path = InvestVC.m; sourceTree = "<group>"; };
		F5F7F4F7206C7B0E00DB6F2A /* InvestVC.h */ = {isa = PBXFileReference; fileEncoding = 4; lastKnownFileType = sourcecode.c.h; path = InvestVC.h; sourceTree = "<group>"; };
		F5F7F4F9206C7B5B00DB6F2A /* ListTabCell.h */ = {isa = PBXFileReference; lastKnownFileType = sourcecode.c.h; path = ListTabCell.h; sourceTree = "<group>"; };
		F5F7F4FA206C7B5B00DB6F2A /* ListTabCell.m */ = {isa = PBXFileReference; lastKnownFileType = sourcecode.c.objc; path = ListTabCell.m; sourceTree = "<group>"; };
		F5F7F4FC206CC1A100DB6F2A /* EntrustVC.h */ = {isa = PBXFileReference; lastKnownFileType = sourcecode.c.h; path = EntrustVC.h; sourceTree = "<group>"; };
		F5F7F4FD206CC1A100DB6F2A /* EntrustVC.m */ = {isa = PBXFileReference; lastKnownFileType = sourcecode.c.objc; path = EntrustVC.m; sourceTree = "<group>"; };
		F5F7F4FF206CCC4E00DB6F2A /* PersonalOpenVC.h */ = {isa = PBXFileReference; lastKnownFileType = sourcecode.c.h; path = PersonalOpenVC.h; sourceTree = "<group>"; };
		F5F7F500206CCC4E00DB6F2A /* PersonalOpenVC.m */ = {isa = PBXFileReference; lastKnownFileType = sourcecode.c.objc; path = PersonalOpenVC.m; sourceTree = "<group>"; };
		F5FDC8AA206DC09500B8DC49 /* CustomAlertView.h */ = {isa = PBXFileReference; lastKnownFileType = sourcecode.c.h; path = CustomAlertView.h; sourceTree = "<group>"; };
		F5FDC8AB206DC09500B8DC49 /* CustomAlertView.m */ = {isa = PBXFileReference; lastKnownFileType = sourcecode.c.objc; path = CustomAlertView.m; sourceTree = "<group>"; };
		F5FDC8AD206DDC8B00B8DC49 /* ChooseTabCell.h */ = {isa = PBXFileReference; lastKnownFileType = sourcecode.c.h; path = ChooseTabCell.h; sourceTree = "<group>"; };
		F5FDC8AE206DDC8B00B8DC49 /* ChooseTabCell.m */ = {isa = PBXFileReference; lastKnownFileType = sourcecode.c.objc; path = ChooseTabCell.m; sourceTree = "<group>"; };
		F5FDC8B1206E0B9700B8DC49 /* CellHeightModel.h */ = {isa = PBXFileReference; lastKnownFileType = sourcecode.c.h; path = CellHeightModel.h; sourceTree = "<group>"; };
		F5FDC8B2206E0B9700B8DC49 /* CellHeightModel.m */ = {isa = PBXFileReference; lastKnownFileType = sourcecode.c.objc; path = CellHeightModel.m; sourceTree = "<group>"; };
/* End PBXFileReference section */

/* Begin PBXFrameworksBuildPhase section */
		F565ECD3205F3EE400F6ED18 /* Frameworks */ = {
			isa = PBXFrameworksBuildPhase;
			buildActionMask = 2147483647;
			files = (
				9DF56D30F94ACAC61B20572F /* libPods-Yulindai.a in Frameworks */,
			);
			runOnlyForDeploymentPostprocessing = 0;
		};
		F565ECEB205F3EE400F6ED18 /* Frameworks */ = {
			isa = PBXFrameworksBuildPhase;
			buildActionMask = 2147483647;
			files = (
			);
			runOnlyForDeploymentPostprocessing = 0;
		};
		F565ECF6205F3EE400F6ED18 /* Frameworks */ = {
			isa = PBXFrameworksBuildPhase;
			buildActionMask = 2147483647;
			files = (
			);
			runOnlyForDeploymentPostprocessing = 0;
		};
/* End PBXFrameworksBuildPhase section */

/* Begin PBXGroup section */
		1862CF81205F649A002EE70C /* Base64 */ = {
			isa = PBXGroup;
			children = (
				1862CF82205F649A002EE70C /* GTMBase64.h */,
				1862CF83205F649A002EE70C /* GTMBase64.m */,
				1862CF84205F649A002EE70C /* GTMDefines.h */,
			);
			path = Base64;
			sourceTree = "<group>";
		};
		53A663AC652375F8FAF96D62 /* Pods */ = {
			isa = PBXGroup;
			children = (
				C8C76067AEE0656EA6B8E214 /* Pods-Yulindai.debug.xcconfig */,
				075FD1EBA0723293B20854D4 /* Pods-Yulindai.release.xcconfig */,
			);
			name = Pods;
			sourceTree = "<group>";
		};
		F50665CB205F645800B3B3BB /* Loads */ = {
			isa = PBXGroup;
			children = (
				F519CEBA2069E5D3004E4250 /* ZhuCeViewController.h */,
				F519CEBB2069E5D3004E4250 /* ZhuCeViewController.m */,
				F50665D0205F65D800B3B3BB /* ForgetPwdViewController.h */,
				F50665CF205F65D800B3B3BB /* ForgetPwdViewController.m */,
				F50665CE205F65D800B3B3BB /* ReviewPwdViewController.h */,
				F50665D1205F65D800B3B3BB /* ReviewPwdViewController.m */,
				F50665D8205F880F00B3B3BB /* RegisterSuccessViewController.h */,
				F50665D9205F880F00B3B3BB /* RegisterSuccessViewController.m */,
				F50665E2205F94B200B3B3BB /* ReviewPwdSuccessVC.h */,
				F50665E3205F94B200B3B3BB /* ReviewPwdSuccessVC.m */,
				F519CEAF2069E33A004E4250 /* LoginVC.h */,
				F519CEB02069E33A004E4250 /* LoginVC.m */,
			);
			path = Loads;
			sourceTree = "<group>";
		};
		F50665DB205F8D6900B3B3BB /* Base */ = {
			isa = PBXGroup;
			children = (
				F50665DC205F8D9600B3B3BB /* MyBaseViewController.h */,
				F50665DD205F8D9600B3B3BB /* MyBaseViewController.m */,
			);
			path = Base;
			sourceTree = "<group>";
		};
		F50665E5205F9E3600B3B3BB /* Tools */ = {
			isa = PBXGroup;
			children = (
				F519CE932069DF66004E4250 /* TabbarCustom */,
				F50665E6205F9E5100B3B3BB /* UIColor+ColorChange.h */,
				F50665E7205F9E5100B3B3BB /* UIColor+ColorChange.m */,
				F54AB484206353E80019391D /* Base64Verb.h */,
				F54AB485206353E80019391D /* Base64Verb.m */,
				F54AB487206381370019391D /* NetTools.h */,
				F54AB488206381370019391D /* NetTools.m */,
				F5FDC8AA206DC09500B8DC49 /* CustomAlertView.h */,
				F5FDC8AB206DC09500B8DC49 /* CustomAlertView.m */,
			);
			path = Tools;
			sourceTree = "<group>";
		};
		F519CE932069DF66004E4250 /* TabbarCustom */ = {
			isa = PBXGroup;
			children = (
				F519CE942069DFC9004E4250 /* NSString+Size.h */,
				F519CE962069DFC9004E4250 /* NSString+Size.m */,
				F519CE992069DFCA004E4250 /* UIButton+Edge.h */,
				F519CE972069DFC9004E4250 /* UIButton+Edge.m */,
				F519CE952069DFC9004E4250 /* UIView+Size.h */,
				F519CE982069DFC9004E4250 /* UIView+Size.m */,
			);
			path = TabbarCustom;
			sourceTree = "<group>";
		};
		F519CE9D2069E03A004E4250 /* TabbarController */ = {
			isa = PBXGroup;
			children = (
				F519CEA12069E08F004E4250 /* CDNavigationVC.h */,
				F519CE9E2069E08F004E4250 /* CDNavigationVC.m */,
				F519CEA22069E08F004E4250 /* CDTabBar.h */,
				F519CE9F2069E08F004E4250 /* CDTabBar.m */,
				F519CEA32069E08F004E4250 /* CDTabbarVC.h */,
				F519CEA02069E08F004E4250 /* CDTabbarVC.m */,
			);
			path = TabbarController;
			sourceTree = "<group>";
		};
		F519CEA72069E0F1004E4250 /* Home */ = {
			isa = PBXGroup;
			children = (
				F519CEB22069E4F0004E4250 /* VC */,
			);
			path = Home;
			sourceTree = "<group>";
		};
		F519CEAB2069E116004E4250 /* My */ = {
			isa = PBXGroup;
			children = (
				F519CEB62069E520004E4250 /* MyController */,
			);
			path = My;
			sourceTree = "<group>";
		};
		F519CEB22069E4F0004E4250 /* VC */ = {
			isa = PBXGroup;
			children = (
				183A8906206C85BE007ED767 /* YXButton.h */,
				183A8905206C85BE007ED767 /* YXButton.m */,
				F519CEB42069E51B004E4250 /* HomeVC.h */,
				F519CEB32069E51B004E4250 /* HomeVC.m */,
				183A8908206C8CE0007ED767 /* AboutMeViewController.h */,
				183A8909206C8CE0007ED767 /* AboutMeViewController.m */,
				183A890B206C9088007ED767 /* AboutManageViewController.h */,
				183A890C206C9088007ED767 /* AboutManageViewController.m */,
				183A890E206C9119007ED767 /* SafeViewController.h */,
				183A890F206C9119007ED767 /* SafeViewController.m */,
				183A8911206CB466007ED767 /* SafeguardViewController.h */,
				183A8912206CB466007ED767 /* SafeguardViewController.m */,
				183A8914206CB6D9007ED767 /* NewsViewController.h */,
				183A8915206CB6D9007ED767 /* NewsViewController.m */,
				183A8917206CCB2E007ED767 /* NewsDetailViewController.h */,
				183A8918206CCB2E007ED767 /* NewsDetailViewController.m */,
				185DDA7B206DC8CD009F07DD /* ImmediateInvestViewController.h */,
				185DDA7C206DC8CD009F07DD /* ImmediateInvestViewController.m */,
			);
			path = VC;
			sourceTree = "<group>";
		};
		F519CEB62069E520004E4250 /* MyController */ = {
			isa = PBXGroup;
			children = (
				F519CEB82069E541004E4250 /* MyVC.h */,
				F519CEB72069E541004E4250 /* MyVC.m */,
			);
			path = MyController;
			sourceTree = "<group>";
		};
		F565ECCD205F3EE400F6ED18 = {
			isa = PBXGroup;
			children = (
				1862CF81205F649A002EE70C /* Base64 */,
				F565ECD8205F3EE400F6ED18 /* Yulindai */,
				F565ECF1205F3EE400F6ED18 /* YulindaiTests */,
				F565ECFC205F3EE400F6ED18 /* YulindaiUITests */,
				F565ECD7205F3EE400F6ED18 /* Products */,
				53A663AC652375F8FAF96D62 /* Pods */,
				FE90A3274437F73704DBA53D /* Frameworks */,
			);
			sourceTree = "<group>";
		};
		F565ECD7205F3EE400F6ED18 /* Products */ = {
			isa = PBXGroup;
			children = (
				F565ECD6205F3EE400F6ED18 /* Yulindai.app */,
				F565ECEE205F3EE400F6ED18 /* YulindaiTests.xctest */,
				F565ECF9205F3EE400F6ED18 /* YulindaiUITests.xctest */,
			);
			name = Products;
			sourceTree = "<group>";
		};
		F565ECD8205F3EE400F6ED18 /* Yulindai */ = {
			isa = PBXGroup;
			children = (
				F5F7F4F0206C6CD700DB6F2A /* Loan */,
				F5F7F4EC206C6C5000DB6F2A /* Invest */,
				F519CEAB2069E116004E4250 /* My */,
				F519CEA72069E0F1004E4250 /* Home */,
				F519CE9D2069E03A004E4250 /* TabbarController */,
				F50665E5205F9E3600B3B3BB /* Tools */,
				F50665DB205F8D6900B3B3BB /* Base */,
				F50665CB205F645800B3B3BB /* Loads */,
				F565ECD9205F3EE400F6ED18 /* AppDelegate.h */,
				F565ECDA205F3EE400F6ED18 /* AppDelegate.m */,
				F565ECDC205F3EE400F6ED18 /* ViewController.h */,
				F565ECDD205F3EE400F6ED18 /* ViewController.m */,
				F565ED12205F4EBD00F6ED18 /* PrefixHeader.pch */,
				F565ECDF205F3EE400F6ED18 /* Main.storyboard */,
				F565ECE2205F3EE400F6ED18 /* Assets.xcassets */,
				F565ECE4205F3EE400F6ED18 /* LaunchScreen.storyboard */,
				F565ECE7205F3EE400F6ED18 /* Info.plist */,
				F565ECE8205F3EE400F6ED18 /* main.m */,
			);
			path = Yulindai;
			sourceTree = "<group>";
		};
		F565ECF1205F3EE400F6ED18 /* YulindaiTests */ = {
			isa = PBXGroup;
			children = (
				F565ECF2205F3EE400F6ED18 /* YulindaiTests.m */,
				F565ECF4205F3EE400F6ED18 /* Info.plist */,
			);
			path = YulindaiTests;
			sourceTree = "<group>";
		};
		F565ECFC205F3EE400F6ED18 /* YulindaiUITests */ = {
			isa = PBXGroup;
			children = (
				F565ECFD205F3EE400F6ED18 /* YulindaiUITests.m */,
				F565ECFF205F3EE400F6ED18 /* Info.plist */,
			);
			path = YulindaiUITests;
			sourceTree = "<group>";
		};
		F5F7F4EC206C6C5000DB6F2A /* Invest */ = {
			isa = PBXGroup;
			children = (
				F5FDC8B0206E0B7800B8DC49 /* Model */,
				F5F7F4F5206C7AD600DB6F2A /* View */,
				F5F7F4F4206C7AC800DB6F2A /* Controller */,
			);
			path = Invest;
			sourceTree = "<group>";
		};
		F5F7F4F0206C6CD700DB6F2A /* Loan */ = {
			isa = PBXGroup;
			children = (
				F5F7F4F1206C6D0A00DB6F2A /* LoanVC.h */,
				F5F7F4F2206C6D0A00DB6F2A /* LoanVC.m */,
			);
			path = Loan;
			sourceTree = "<group>";
		};
		F5F7F4F4206C7AC800DB6F2A /* Controller */ = {
			isa = PBXGroup;
			children = (
				F5F7F4F7206C7B0E00DB6F2A /* InvestVC.h */,
				F5F7F4F6206C7B0E00DB6F2A /* InvestVC.m */,
				F5F7F4FC206CC1A100DB6F2A /* EntrustVC.h */,
				F5F7F4FD206CC1A100DB6F2A /* EntrustVC.m */,
				F5F7F4FF206CCC4E00DB6F2A /* PersonalOpenVC.h */,
				F5F7F500206CCC4E00DB6F2A /* PersonalOpenVC.m */,
			);
			path = Controller;
			sourceTree = "<group>";
		};
		F5F7F4F5206C7AD600DB6F2A /* View */ = {
			isa = PBXGroup;
			children = (
				F5F7F4F9206C7B5B00DB6F2A /* ListTabCell.h */,
				F5F7F4FA206C7B5B00DB6F2A /* ListTabCell.m */,
				F5FDC8AD206DDC8B00B8DC49 /* ChooseTabCell.h */,
				F5FDC8AE206DDC8B00B8DC49 /* ChooseTabCell.m */,
				F58A1F282071BAC8009D2EB5 /* ChooseCollectionCell.h */,
				F58A1F292071BAC8009D2EB5 /* ChooseCollectionCell.m */,
			);
			path = View;
			sourceTree = "<group>";
		};
		F5FDC8B0206E0B7800B8DC49 /* Model */ = {
			isa = PBXGroup;
			children = (
				F5FDC8B1206E0B9700B8DC49 /* CellHeightModel.h */,
				F5FDC8B2206E0B9700B8DC49 /* CellHeightModel.m */,
			);
			path = Model;
			sourceTree = "<group>";
		};
		FE90A3274437F73704DBA53D /* Frameworks */ = {
			isa = PBXGroup;
			children = (
				54F6A8735AD424CF016152E8 /* libPods-Yulindai.a */,
			);
			name = Frameworks;
			sourceTree = "<group>";
		};
/* End PBXGroup section */

/* Begin PBXNativeTarget section */
		F565ECD5205F3EE400F6ED18 /* Yulindai */ = {
			isa = PBXNativeTarget;
			buildConfigurationList = F565ED02205F3EE400F6ED18 /* Build configuration list for PBXNativeTarget "Yulindai" */;
			buildPhases = (
				01F9EB653BA22CA85290CBF6 /* [CP] Check Pods Manifest.lock */,
				F565ECD2205F3EE400F6ED18 /* Sources */,
				F565ECD3205F3EE400F6ED18 /* Frameworks */,
				F565ECD4205F3EE400F6ED18 /* Resources */,
				26C36BD0B2EA77ADFD1174D1 /* [CP] Embed Pods Frameworks */,
				C65FAE9C861B0094F6472D0E /* [CP] Copy Pods Resources */,
			);
			buildRules = (
			);
			dependencies = (
			);
			name = Yulindai;
			productName = Yulindai;
			productReference = F565ECD6205F3EE400F6ED18 /* Yulindai.app */;
			productType = "com.apple.product-type.application";
		};
		F565ECED205F3EE400F6ED18 /* YulindaiTests */ = {
			isa = PBXNativeTarget;
			buildConfigurationList = F565ED05205F3EE400F6ED18 /* Build configuration list for PBXNativeTarget "YulindaiTests" */;
			buildPhases = (
				F565ECEA205F3EE400F6ED18 /* Sources */,
				F565ECEB205F3EE400F6ED18 /* Frameworks */,
				F565ECEC205F3EE400F6ED18 /* Resources */,
			);
			buildRules = (
			);
			dependencies = (
				F565ECF0205F3EE400F6ED18 /* PBXTargetDependency */,
			);
			name = YulindaiTests;
			productName = YulindaiTests;
			productReference = F565ECEE205F3EE400F6ED18 /* YulindaiTests.xctest */;
			productType = "com.apple.product-type.bundle.unit-test";
		};
		F565ECF8205F3EE400F6ED18 /* YulindaiUITests */ = {
			isa = PBXNativeTarget;
			buildConfigurationList = F565ED08205F3EE400F6ED18 /* Build configuration list for PBXNativeTarget "YulindaiUITests" */;
			buildPhases = (
				F565ECF5205F3EE400F6ED18 /* Sources */,
				F565ECF6205F3EE400F6ED18 /* Frameworks */,
				F565ECF7205F3EE400F6ED18 /* Resources */,
			);
			buildRules = (
			);
			dependencies = (
				F565ECFB205F3EE400F6ED18 /* PBXTargetDependency */,
			);
			name = YulindaiUITests;
			productName = YulindaiUITests;
			productReference = F565ECF9205F3EE400F6ED18 /* YulindaiUITests.xctest */;
			productType = "com.apple.product-type.bundle.ui-testing";
		};
/* End PBXNativeTarget section */

/* Begin PBXProject section */
		F565ECCE205F3EE400F6ED18 /* Project object */ = {
			isa = PBXProject;
			attributes = {
				LastUpgradeCheck = 0920;
				ORGANIZATIONNAME = zcg;
				TargetAttributes = {
					F565ECD5205F3EE400F6ED18 = {
						CreatedOnToolsVersion = 9.2;
						ProvisioningStyle = Automatic;
					};
					F565ECED205F3EE400F6ED18 = {
						CreatedOnToolsVersion = 9.2;
						ProvisioningStyle = Automatic;
						TestTargetID = F565ECD5205F3EE400F6ED18;
					};
					F565ECF8205F3EE400F6ED18 = {
						CreatedOnToolsVersion = 9.2;
						ProvisioningStyle = Automatic;
						TestTargetID = F565ECD5205F3EE400F6ED18;
					};
				};
			};
			buildConfigurationList = F565ECD1205F3EE400F6ED18 /* Build configuration list for PBXProject "Yulindai" */;
			compatibilityVersion = "Xcode 8.0";
			developmentRegion = en;
			hasScannedForEncodings = 0;
			knownRegions = (
				en,
				Base,
			);
			mainGroup = F565ECCD205F3EE400F6ED18;
			productRefGroup = F565ECD7205F3EE400F6ED18 /* Products */;
			projectDirPath = "";
			projectRoot = "";
			targets = (
				F565ECD5205F3EE400F6ED18 /* Yulindai */,
				F565ECED205F3EE400F6ED18 /* YulindaiTests */,
				F565ECF8205F3EE400F6ED18 /* YulindaiUITests */,
			);
		};
/* End PBXProject section */

/* Begin PBXResourcesBuildPhase section */
		F565ECD4205F3EE400F6ED18 /* Resources */ = {
			isa = PBXResourcesBuildPhase;
			buildActionMask = 2147483647;
			files = (
				F565ECE6205F3EE400F6ED18 /* LaunchScreen.storyboard in Resources */,
				F565ECE3205F3EE400F6ED18 /* Assets.xcassets in Resources */,
				F565ECE1205F3EE400F6ED18 /* Main.storyboard in Resources */,
			);
			runOnlyForDeploymentPostprocessing = 0;
		};
		F565ECEC205F3EE400F6ED18 /* Resources */ = {
			isa = PBXResourcesBuildPhase;
			buildActionMask = 2147483647;
			files = (
			);
			runOnlyForDeploymentPostprocessing = 0;
		};
		F565ECF7205F3EE400F6ED18 /* Resources */ = {
			isa = PBXResourcesBuildPhase;
			buildActionMask = 2147483647;
			files = (
			);
			runOnlyForDeploymentPostprocessing = 0;
		};
/* End PBXResourcesBuildPhase section */

/* Begin PBXShellScriptBuildPhase section */
		01F9EB653BA22CA85290CBF6 /* [CP] Check Pods Manifest.lock */ = {
			isa = PBXShellScriptBuildPhase;
			buildActionMask = 2147483647;
			files = (
			);
			inputPaths = (
				"${PODS_PODFILE_DIR_PATH}/Podfile.lock",
				"${PODS_ROOT}/Manifest.lock",
			);
			name = "[CP] Check Pods Manifest.lock";
			outputPaths = (
				"$(DERIVED_FILE_DIR)/Pods-Yulindai-checkManifestLockResult.txt",
			);
			runOnlyForDeploymentPostprocessing = 0;
			shellPath = /bin/sh;
			shellScript = "diff \"${PODS_PODFILE_DIR_PATH}/Podfile.lock\" \"${PODS_ROOT}/Manifest.lock\" > /dev/null\nif [ $? != 0 ] ; then\n    # print error to STDERR\n    echo \"error: The sandbox is not in sync with the Podfile.lock. Run 'pod install' or update your CocoaPods installation.\" >&2\n    exit 1\nfi\n# This output is used by Xcode 'outputs' to avoid re-running this script phase.\necho \"SUCCESS\" > \"${SCRIPT_OUTPUT_FILE_0}\"\n";
			showEnvVarsInLog = 0;
		};
		26C36BD0B2EA77ADFD1174D1 /* [CP] Embed Pods Frameworks */ = {
			isa = PBXShellScriptBuildPhase;
			buildActionMask = 2147483647;
			files = (
			);
			inputPaths = (
			);
			name = "[CP] Embed Pods Frameworks";
			outputPaths = (
			);
			runOnlyForDeploymentPostprocessing = 0;
			shellPath = /bin/sh;
			shellScript = "\"${SRCROOT}/Pods/Target Support Files/Pods-Yulindai/Pods-Yulindai-frameworks.sh\"\n";
			showEnvVarsInLog = 0;
		};
		C65FAE9C861B0094F6472D0E /* [CP] Copy Pods Resources */ = {
			isa = PBXShellScriptBuildPhase;
			buildActionMask = 2147483647;
			files = (
			);
			inputPaths = (
			);
			name = "[CP] Copy Pods Resources";
			outputPaths = (
			);
			runOnlyForDeploymentPostprocessing = 0;
			shellPath = /bin/sh;
			shellScript = "\"${SRCROOT}/Pods/Target Support Files/Pods-Yulindai/Pods-Yulindai-resources.sh\"\n";
			showEnvVarsInLog = 0;
		};
/* End PBXShellScriptBuildPhase section */

/* Begin PBXSourcesBuildPhase section */
		F565ECD2205F3EE400F6ED18 /* Sources */ = {
			isa = PBXSourcesBuildPhase;
			buildActionMask = 2147483647;
			files = (
				F519CEBC2069E5D3004E4250 /* ZhuCeViewController.m in Sources */,
				F519CEA52069E08F004E4250 /* CDTabBar.m in Sources */,
				F50665D3205F65D800B3B3BB /* ReviewPwdViewController.m in Sources */,
				183A8913206CB466007ED767 /* SafeguardViewController.m in Sources */,
				F519CEA62069E08F004E4250 /* CDTabbarVC.m in Sources */,
				F5F7F4FE206CC1A200DB6F2A /* EntrustVC.m in Sources */,
				F58A1F2A2071BAC8009D2EB5 /* ChooseCollectionCell.m in Sources */,
				F519CE9B2069DFCA004E4250 /* UIButton+Edge.m in Sources */,
				183A8910206C9119007ED767 /* SafeViewController.m in Sources */,
				F50665DE205F8D9600B3B3BB /* MyBaseViewController.m in Sources */,
				183A8919206CCB2E007ED767 /* NewsDetailViewController.m in Sources */,
				F5F7F4F3206C6D0A00DB6F2A /* LoanVC.m in Sources */,
				F5F7F501206CCC4E00DB6F2A /* PersonalOpenVC.m in Sources */,
				F519CEB12069E33A004E4250 /* LoginVC.m in Sources */,
				F50665DA205F880F00B3B3BB /* RegisterSuccessViewController.m in Sources */,
				F50665E4205F94B200B3B3BB /* ReviewPwdSuccessVC.m in Sources */,
				F519CEA42069E08F004E4250 /* CDNavigationVC.m in Sources */,
				183A890A206C8CE0007ED767 /* AboutMeViewController.m in Sources */,
				F519CE9A2069DFCA004E4250 /* NSString+Size.m in Sources */,
				F565ECDE205F3EE400F6ED18 /* ViewController.m in Sources */,
				F519CE9C2069DFCA004E4250 /* UIView+Size.m in Sources */,
				F50665E8205F9E5100B3B3BB /* UIColor+ColorChange.m in Sources */,
				F50665D2205F65D800B3B3BB /* ForgetPwdViewController.m in Sources */,
				F519CEB92069E541004E4250 /* MyVC.m in Sources */,
				F565ECE9205F3EE400F6ED18 /* main.m in Sources */,
				F5F7F4FB206C7B5B00DB6F2A /* ListTabCell.m in Sources */,
				F54AB489206381370019391D /* NetTools.m in Sources */,
				F519CEB52069E51B004E4250 /* HomeVC.m in Sources */,
				183A8907206C85BF007ED767 /* YXButton.m in Sources */,
				183A890D206C9088007ED767 /* AboutManageViewController.m in Sources */,
				F565ECDB205F3EE400F6ED18 /* AppDelegate.m in Sources */,
				F5FDC8B3206E0B9700B8DC49 /* CellHeightModel.m in Sources */,
				183A8916206CB6D9007ED767 /* NewsViewController.m in Sources */,
				1862CF85205F649A002EE70C /* GTMBase64.m in Sources */,
				F54AB486206353E80019391D /* Base64Verb.m in Sources */,
				185DDA7D206DC8CD009F07DD /* ImmediateInvestViewController.m in Sources */,
				F5FDC8AC206DC09500B8DC49 /* CustomAlertView.m in Sources */,
				F5F7F4F8206C7B0E00DB6F2A /* InvestVC.m in Sources */,
				F5FDC8AF206DDC8B00B8DC49 /* ChooseTabCell.m in Sources */,
			);
			runOnlyForDeploymentPostprocessing = 0;
		};
		F565ECEA205F3EE400F6ED18 /* Sources */ = {
			isa = PBXSourcesBuildPhase;
			buildActionMask = 2147483647;
			files = (
				F565ECF3205F3EE400F6ED18 /* YulindaiTests.m in Sources */,
			);
			runOnlyForDeploymentPostprocessing = 0;
		};
		F565ECF5205F3EE400F6ED18 /* Sources */ = {
			isa = PBXSourcesBuildPhase;
			buildActionMask = 2147483647;
			files = (
				F565ECFE205F3EE400F6ED18 /* YulindaiUITests.m in Sources */,
			);
			runOnlyForDeploymentPostprocessing = 0;
		};
/* End PBXSourcesBuildPhase section */

/* Begin PBXTargetDependency section */
		F565ECF0205F3EE400F6ED18 /* PBXTargetDependency */ = {
			isa = PBXTargetDependency;
			target = F565ECD5205F3EE400F6ED18 /* Yulindai */;
			targetProxy = F565ECEF205F3EE400F6ED18 /* PBXContainerItemProxy */;
		};
		F565ECFB205F3EE400F6ED18 /* PBXTargetDependency */ = {
			isa = PBXTargetDependency;
			target = F565ECD5205F3EE400F6ED18 /* Yulindai */;
			targetProxy = F565ECFA205F3EE400F6ED18 /* PBXContainerItemProxy */;
		};
/* End PBXTargetDependency section */

/* Begin PBXVariantGroup section */
		F565ECDF205F3EE400F6ED18 /* Main.storyboard */ = {
			isa = PBXVariantGroup;
			children = (
				F565ECE0205F3EE400F6ED18 /* Base */,
			);
			name = Main.storyboard;
			sourceTree = "<group>";
		};
		F565ECE4205F3EE400F6ED18 /* LaunchScreen.storyboard */ = {
			isa = PBXVariantGroup;
			children = (
				F565ECE5205F3EE400F6ED18 /* Base */,
			);
			name = LaunchScreen.storyboard;
			sourceTree = "<group>";
		};
/* End PBXVariantGroup section */

/* Begin XCBuildConfiguration section */
		F565ED00205F3EE400F6ED18 /* Debug */ = {
			isa = XCBuildConfiguration;
			buildSettings = {
				ALWAYS_SEARCH_USER_PATHS = NO;
				CLANG_ANALYZER_NONNULL = YES;
				CLANG_ANALYZER_NUMBER_OBJECT_CONVERSION = YES_AGGRESSIVE;
				CLANG_CXX_LANGUAGE_STANDARD = "gnu++14";
				CLANG_CXX_LIBRARY = "libc++";
				CLANG_ENABLE_MODULES = YES;
				CLANG_ENABLE_OBJC_ARC = YES;
				CLANG_WARN_BLOCK_CAPTURE_AUTORELEASING = YES;
				CLANG_WARN_BOOL_CONVERSION = YES;
				CLANG_WARN_COMMA = YES;
				CLANG_WARN_CONSTANT_CONVERSION = YES;
				CLANG_WARN_DIRECT_OBJC_ISA_USAGE = YES_ERROR;
				CLANG_WARN_DOCUMENTATION_COMMENTS = YES;
				CLANG_WARN_EMPTY_BODY = YES;
				CLANG_WARN_ENUM_CONVERSION = YES;
				CLANG_WARN_INFINITE_RECURSION = YES;
				CLANG_WARN_INT_CONVERSION = YES;
				CLANG_WARN_NON_LITERAL_NULL_CONVERSION = YES;
				CLANG_WARN_OBJC_LITERAL_CONVERSION = YES;
				CLANG_WARN_OBJC_ROOT_CLASS = YES_ERROR;
				CLANG_WARN_RANGE_LOOP_ANALYSIS = YES;
				CLANG_WARN_STRICT_PROTOTYPES = YES;
				CLANG_WARN_SUSPICIOUS_MOVE = YES;
				CLANG_WARN_UNGUARDED_AVAILABILITY = YES_AGGRESSIVE;
				CLANG_WARN_UNREACHABLE_CODE = YES;
				CLANG_WARN__DUPLICATE_METHOD_MATCH = YES;
				CODE_SIGN_IDENTITY = "iPhone Developer";
				COPY_PHASE_STRIP = NO;
				DEBUG_INFORMATION_FORMAT = dwarf;
				ENABLE_STRICT_OBJC_MSGSEND = YES;
				ENABLE_TESTABILITY = YES;
				GCC_C_LANGUAGE_STANDARD = gnu11;
				GCC_DYNAMIC_NO_PIC = NO;
				GCC_NO_COMMON_BLOCKS = YES;
				GCC_OPTIMIZATION_LEVEL = 0;
				GCC_PREPROCESSOR_DEFINITIONS = (
					"DEBUG=1",
					"$(inherited)",
				);
				GCC_WARN_64_TO_32_BIT_CONVERSION = YES;
				GCC_WARN_ABOUT_RETURN_TYPE = YES_ERROR;
				GCC_WARN_UNDECLARED_SELECTOR = YES;
				GCC_WARN_UNINITIALIZED_AUTOS = YES_AGGRESSIVE;
				GCC_WARN_UNUSED_FUNCTION = YES;
				GCC_WARN_UNUSED_VARIABLE = YES;
				IPHONEOS_DEPLOYMENT_TARGET = 11.2;
				MTL_ENABLE_DEBUG_INFO = YES;
				ONLY_ACTIVE_ARCH = YES;
				SDKROOT = iphoneos;
			};
			name = Debug;
		};
		F565ED01205F3EE400F6ED18 /* Release */ = {
			isa = XCBuildConfiguration;
			buildSettings = {
				ALWAYS_SEARCH_USER_PATHS = NO;
				CLANG_ANALYZER_NONNULL = YES;
				CLANG_ANALYZER_NUMBER_OBJECT_CONVERSION = YES_AGGRESSIVE;
				CLANG_CXX_LANGUAGE_STANDARD = "gnu++14";
				CLANG_CXX_LIBRARY = "libc++";
				CLANG_ENABLE_MODULES = YES;
				CLANG_ENABLE_OBJC_ARC = YES;
				CLANG_WARN_BLOCK_CAPTURE_AUTORELEASING = YES;
				CLANG_WARN_BOOL_CONVERSION = YES;
				CLANG_WARN_COMMA = YES;
				CLANG_WARN_CONSTANT_CONVERSION = YES;
				CLANG_WARN_DIRECT_OBJC_ISA_USAGE = YES_ERROR;
				CLANG_WARN_DOCUMENTATION_COMMENTS = YES;
				CLANG_WARN_EMPTY_BODY = YES;
				CLANG_WARN_ENUM_CONVERSION = YES;
				CLANG_WARN_INFINITE_RECURSION = YES;
				CLANG_WARN_INT_CONVERSION = YES;
				CLANG_WARN_NON_LITERAL_NULL_CONVERSION = YES;
				CLANG_WARN_OBJC_LITERAL_CONVERSION = YES;
				CLANG_WARN_OBJC_ROOT_CLASS = YES_ERROR;
				CLANG_WARN_RANGE_LOOP_ANALYSIS = YES;
				CLANG_WARN_STRICT_PROTOTYPES = YES;
				CLANG_WARN_SUSPICIOUS_MOVE = YES;
				CLANG_WARN_UNGUARDED_AVAILABILITY = YES_AGGRESSIVE;
				CLANG_WARN_UNREACHABLE_CODE = YES;
				CLANG_WARN__DUPLICATE_METHOD_MATCH = YES;
				CODE_SIGN_IDENTITY = "iPhone Developer";
				COPY_PHASE_STRIP = NO;
				DEBUG_INFORMATION_FORMAT = "dwarf-with-dsym";
				ENABLE_NS_ASSERTIONS = NO;
				ENABLE_STRICT_OBJC_MSGSEND = YES;
				GCC_C_LANGUAGE_STANDARD = gnu11;
				GCC_NO_COMMON_BLOCKS = YES;
				GCC_WARN_64_TO_32_BIT_CONVERSION = YES;
				GCC_WARN_ABOUT_RETURN_TYPE = YES_ERROR;
				GCC_WARN_UNDECLARED_SELECTOR = YES;
				GCC_WARN_UNINITIALIZED_AUTOS = YES_AGGRESSIVE;
				GCC_WARN_UNUSED_FUNCTION = YES;
				GCC_WARN_UNUSED_VARIABLE = YES;
				IPHONEOS_DEPLOYMENT_TARGET = 11.2;
				MTL_ENABLE_DEBUG_INFO = NO;
				SDKROOT = iphoneos;
				VALIDATE_PRODUCT = YES;
			};
			name = Release;
		};
		F565ED03205F3EE400F6ED18 /* Debug */ = {
			isa = XCBuildConfiguration;
			baseConfigurationReference = C8C76067AEE0656EA6B8E214 /* Pods-Yulindai.debug.xcconfig */;
			buildSettings = {
				ASSETCATALOG_COMPILER_APPICON_NAME = AppIcon;
				CODE_SIGN_STYLE = Automatic;
				DEVELOPMENT_TEAM = 33KYMS62D8;
				GCC_INCREASE_PRECOMPILED_HEADER_SHARING = NO;
				GCC_PREFIX_HEADER = "$(SRCROOT)/Yulindai/PrefixHeader.pch";
				INFOPLIST_FILE = Yulindai/Info.plist;
				IPHONEOS_DEPLOYMENT_TARGET = 10.0;
				LD_RUNPATH_SEARCH_PATHS = "$(inherited) @executable_path/Frameworks";
				PRODUCT_BUNDLE_IDENTIFIER = q.Yulindai;
				PRODUCT_NAME = "$(TARGET_NAME)";
				TARGETED_DEVICE_FAMILY = 1;
				USER_HEADER_SEARCH_PATHS = "$(PODS_ROOT)/**";
			};
			name = Debug;
		};
		F565ED04205F3EE400F6ED18 /* Release */ = {
			isa = XCBuildConfiguration;
			baseConfigurationReference = 075FD1EBA0723293B20854D4 /* Pods-Yulindai.release.xcconfig */;
			buildSettings = {
				ASSETCATALOG_COMPILER_APPICON_NAME = AppIcon;
				CODE_SIGN_STYLE = Automatic;
				DEVELOPMENT_TEAM = 33KYMS62D8;
				GCC_INCREASE_PRECOMPILED_HEADER_SHARING = NO;
				GCC_PREFIX_HEADER = "$(SRCROOT)/Yulindai/PrefixHeader.pch";
				INFOPLIST_FILE = Yulindai/Info.plist;
				IPHONEOS_DEPLOYMENT_TARGET = 10.0;
				LD_RUNPATH_SEARCH_PATHS = "$(inherited) @executable_path/Frameworks";
				PRODUCT_BUNDLE_IDENTIFIER = q.Yulindai;
				PRODUCT_NAME = "$(TARGET_NAME)";
				TARGETED_DEVICE_FAMILY = 1;
				USER_HEADER_SEARCH_PATHS = "$(PODS_ROOT)/**";
			};
			name = Release;
		};
		F565ED06205F3EE400F6ED18 /* Debug */ = {
			isa = XCBuildConfiguration;
			buildSettings = {
				BUNDLE_LOADER = "$(TEST_HOST)";
				CODE_SIGN_STYLE = Automatic;
				INFOPLIST_FILE = YulindaiTests/Info.plist;
				LD_RUNPATH_SEARCH_PATHS = "$(inherited) @executable_path/Frameworks @loader_path/Frameworks";
				PRODUCT_BUNDLE_IDENTIFIER = q.YulindaiTests;
				PRODUCT_NAME = "$(TARGET_NAME)";
				TARGETED_DEVICE_FAMILY = "1,2";
				TEST_HOST = "$(BUILT_PRODUCTS_DIR)/Yulindai.app/Yulindai";
			};
			name = Debug;
		};
		F565ED07205F3EE400F6ED18 /* Release */ = {
			isa = XCBuildConfiguration;
			buildSettings = {
				BUNDLE_LOADER = "$(TEST_HOST)";
				CODE_SIGN_STYLE = Automatic;
				INFOPLIST_FILE = YulindaiTests/Info.plist;
				LD_RUNPATH_SEARCH_PATHS = "$(inherited) @executable_path/Frameworks @loader_path/Frameworks";
				PRODUCT_BUNDLE_IDENTIFIER = q.YulindaiTests;
				PRODUCT_NAME = "$(TARGET_NAME)";
				TARGETED_DEVICE_FAMILY = "1,2";
				TEST_HOST = "$(BUILT_PRODUCTS_DIR)/Yulindai.app/Yulindai";
			};
			name = Release;
		};
		F565ED09205F3EE400F6ED18 /* Debug */ = {
			isa = XCBuildConfiguration;
			buildSettings = {
				CODE_SIGN_STYLE = Automatic;
				INFOPLIST_FILE = YulindaiUITests/Info.plist;
				LD_RUNPATH_SEARCH_PATHS = "$(inherited) @executable_path/Frameworks @loader_path/Frameworks";
				PRODUCT_BUNDLE_IDENTIFIER = q.YulindaiUITests;
				PRODUCT_NAME = "$(TARGET_NAME)";
				TARGETED_DEVICE_FAMILY = "1,2";
				TEST_TARGET_NAME = Yulindai;
			};
			name = Debug;
		};
		F565ED0A205F3EE400F6ED18 /* Release */ = {
			isa = XCBuildConfiguration;
			buildSettings = {
				CODE_SIGN_STYLE = Automatic;
				INFOPLIST_FILE = YulindaiUITests/Info.plist;
				LD_RUNPATH_SEARCH_PATHS = "$(inherited) @executable_path/Frameworks @loader_path/Frameworks";
				PRODUCT_BUNDLE_IDENTIFIER = q.YulindaiUITests;
				PRODUCT_NAME = "$(TARGET_NAME)";
				TARGETED_DEVICE_FAMILY = "1,2";
				TEST_TARGET_NAME = Yulindai;
			};
			name = Release;
		};
/* End XCBuildConfiguration section */

/* Begin XCConfigurationList section */
		F565ECD1205F3EE400F6ED18 /* Build configuration list for PBXProject "Yulindai" */ = {
			isa = XCConfigurationList;
			buildConfigurations = (
				F565ED00205F3EE400F6ED18 /* Debug */,
				F565ED01205F3EE400F6ED18 /* Release */,
			);
			defaultConfigurationIsVisible = 0;
			defaultConfigurationName = Release;
		};
		F565ED02205F3EE400F6ED18 /* Build configuration list for PBXNativeTarget "Yulindai" */ = {
			isa = XCConfigurationList;
			buildConfigurations = (
				F565ED03205F3EE400F6ED18 /* Debug */,
				F565ED04205F3EE400F6ED18 /* Release */,
			);
			defaultConfigurationIsVisible = 0;
			defaultConfigurationName = Release;
		};
		F565ED05205F3EE400F6ED18 /* Build configuration list for PBXNativeTarget "YulindaiTests" */ = {
			isa = XCConfigurationList;
			buildConfigurations = (
				F565ED06205F3EE400F6ED18 /* Debug */,
				F565ED07205F3EE400F6ED18 /* Release */,
			);
			defaultConfigurationIsVisible = 0;
			defaultConfigurationName = Release;
		};
		F565ED08205F3EE400F6ED18 /* Build configuration list for PBXNativeTarget "YulindaiUITests" */ = {
			isa = XCConfigurationList;
			buildConfigurations = (
				F565ED09205F3EE400F6ED18 /* Debug */,
				F565ED0A205F3EE400F6ED18 /* Release */,
			);
			defaultConfigurationIsVisible = 0;
			defaultConfigurationName = Release;
		};
/* End XCConfigurationList section */
	};
	rootObject = F565ECCE205F3EE400F6ED18 /* Project object */;
}
